# This file is autogenerated, do not edit; changes may be undone by the next 'dep ensure'.


[[projects]]
  name = "github.com/apache/thrift"
  packages = ["lib/go/thrift"]
  revision = "384647d290e2e4a55a14b1b7ef1b7e66293a2c33"
  version = "v0.12.0"

[[projects]]
  name = "github.com/jolestar/go-commons-pool"
  packages = [
    ".",
    "collections",
    "concurrent"
  ]
  revision = "3f5d5f81046da81d73466f44fe6e0ac36ff304bd"
  version = "v2.0.0"

[solve-meta]
  analyzer-name = "dep"
  analyzer-version = 1
  inputs-digest = "5f9d9f9569431aed79a3edabf76081f6ca1e4c1a7dab9fda50ab8e5c84265440"
  solver-name = "gps-cdcl"
  solver-version = 1
